<?xml version="1.0" encoding="utf-8"?>
<Project ToolsVersion="4.0" xmlns="http://schemas.microsoft.com/developer/msbuild/2003">
  <ItemGroup>
    <Filter Include="Grand">
      <UniqueIdentifier>{51FA430D-BD0E-6CBE-8690-0F1EF26368EF}</UniqueIdentifier>
    </Filter>
    <Filter Include="Grand\Events">
      <UniqueIdentifier>{15C110FA-0124-A09E-AAA9-D85496EB6B21}</UniqueIdentifier>
    </Filter>
    <Filter Include="Platform">
      <UniqueIdentifier>{2AC788B4-1694-E3BF-3FAD-D1672BD9184E}</UniqueIdentifier>
    </Filter>
    <Filter Include="Platform\Windows">
      <UniqueIdentifier>{64FBD71A-50F4-F66C-7926-DCF1657ED678}</UniqueIdentifier>
    </Filter>
  </ItemGroup>
  <ItemGroup>
    <ClInclude Include="src\Grand.h" />
    <ClInclude Include="src\Grand\Application.h">
      <Filter>Grand</Filter>
    </ClInclude>
    <ClInclude Include="src\Grand\Core.h">
      <Filter>Grand</Filter>
    </ClInclude>
    <ClInclude Include="src\Grand\EntryPoint.h">
      <Filter>Grand</Filter>
    </ClInclude>
    <ClInclude Include="src\Grand\Events\ApplicationEvent.h">
      <Filter>Grand\Events</Filter>
    </ClInclude>
    <ClInclude Include="src\Grand\Events\Event.h">
      <Filter>Grand\Events</Filter>
    </ClInclude>
    <ClInclude Include="src\Grand\Events\KeyEvent.h">
      <Filter>Grand\Events</Filter>
    </ClInclude>
    <ClInclude Include="src\Grand\Events\MouseEvent.h">
      <Filter>Grand\Events</Filter>
    </ClInclude>
    <ClInclude Include="src\Grand\Log.h">
      <Filter>Grand</Filter>
    </ClInclude>
    <ClInclude Include="src\Grand\Window.h">
      <Filter>Grand</Filter>
    </ClInclude>
    <ClInclude Include="src\Platform\Windows\WindowsWindow.h">
      <Filter>Platform\Windows</Filter>
    </ClInclude>
    <ClInclude Include="src\grandpch.h" />
  </ItemGroup>
  <ItemGroup>
    <ClCompile Include="src\Grand\Application.cpp">
      <Filter>Grand</Filter>
    </ClCompile>
    <ClCompile Include="src\Grand\Log.cpp">
      <Filter>Grand</Filter>
    </ClCompile>
    <ClCompile Include="src\Platform\Windows\WindowsWindow.cpp">
      <Filter>Platform\Windows</Filter>
    </ClCompile>
    <ClCompile Include="src\grandpch.cpp" />
  </ItemGroup>
</Project>